
Microsoft Visual Studio Solution File, Format Version 12.00
# Visual Studio 15
VisualStudioVersion = 15.0.26124.0
MinimumVisualStudioVersion = 15.0.26124.0
Project("{2150E333-8FDC-42A3-9474-1A3956D46DE8}") = "Backend", "Backend", "{C2C9FE7E-2A8C-434C-B7FF-BFEA845D7D92}"
EndProject
Project("{FAE04EC0-301F-11D3-BF4B-00C04F79EFBC}") = "TogglJiraHours.Domain", "Backend\TogglJiraHours.Domain\TogglJiraHours.Domain.csproj", "{810E386C-FBC1-430A-9D77-C8E5729A05D3}"
EndProject
Project("{FAE04EC0-301F-11D3-BF4B-00C04F79EFBC}") = "TogglJiraHours.Shared", "Backend\TogglJiraHours.Shared\TogglJiraHours.Shared.csproj", "{474C8C37-B2C3-4D33-9D73-6A07C0476812}"
EndProject
Project("{FAE04EC0-301F-11D3-BF4B-00C04F79EFBC}") = "TogglJiraHours.Tests", "Backend\TogglJiraHours.Tests\TogglJiraHours.Tests.csproj", "{B4CFFFA7-A350-45DD-BFDF-9A2DFBE507F6}"
EndProject
Global
	GlobalSection(SolutionConfigurationPlatforms) = preSolution
		Debug|Any CPU = Debug|Any CPU
		Debug|x64 = Debug|x64
		Debug|x86 = Debug|x86
		Release|Any CPU = Release|Any CPU
		Release|x64 = Release|x64
		Release|x86 = Release|x86
	EndGlobalSection
	GlobalSection(SolutionProperties) = preSolution
		HideSolutionNode = FALSE
	EndGlobalSection
	GlobalSection(ProjectConfigurationPlatforms) = postSolution
		{810E386C-FBC1-430A-9D77-C8E5729A05D3}.Debug|Any CPU.ActiveCfg = Debug|Any CPU
		{810E386C-FBC1-430A-9D77-C8E5729A05D3}.Debug|Any CPU.Build.0 = Debug|Any CPU
		{810E386C-FBC1-430A-9D77-C8E5729A05D3}.Debug|x64.ActiveCfg = Debug|Any CPU
		{810E386C-FBC1-430A-9D77-C8E5729A05D3}.Debug|x64.Build.0 = Debug|Any CPU
		{810E386C-FBC1-430A-9D77-C8E5729A05D3}.Debug|x86.ActiveCfg = Debug|Any CPU
		{810E386C-FBC1-430A-9D77-C8E5729A05D3}.Debug|x86.Build.0 = Debug|Any CPU
		{810E386C-FBC1-430A-9D77-C8E5729A05D3}.Release|Any CPU.ActiveCfg = Release|Any CPU
		{810E386C-FBC1-430A-9D77-C8E5729A05D3}.Release|Any CPU.Build.0 = Release|Any CPU
		{810E386C-FBC1-430A-9D77-C8E5729A05D3}.Release|x64.ActiveCfg = Release|Any CPU
		{810E386C-FBC1-430A-9D77-C8E5729A05D3}.Release|x64.Build.0 = Release|Any CPU
		{810E386C-FBC1-430A-9D77-C8E5729A05D3}.Release|x86.ActiveCfg = Release|Any CPU
		{810E386C-FBC1-430A-9D77-C8E5729A05D3}.Release|x86.Build.0 = Release|Any CPU
		{474C8C37-B2C3-4D33-9D73-6A07C0476812}.Debug|Any CPU.ActiveCfg = Debug|Any CPU
		{474C8C37-B2C3-4D33-9D73-6A07C0476812}.Debug|Any CPU.Build.0 = Debug|Any CPU
		{474C8C37-B2C3-4D33-9D73-6A07C0476812}.Debug|x64.ActiveCfg = Debug|Any CPU
		{474C8C37-B2C3-4D33-9D73-6A07C0476812}.Debug|x64.Build.0 = Debug|Any CPU
		{474C8C37-B2C3-4D33-9D73-6A07C0476812}.Debug|x86.ActiveCfg = Debug|Any CPU
		{474C8C37-B2C3-4D33-9D73-6A07C0476812}.Debug|x86.Build.0 = Debug|Any CPU
		{474C8C37-B2C3-4D33-9D73-6A07C0476812}.Release|Any CPU.ActiveCfg = Release|Any CPU
		{474C8C37-B2C3-4D33-9D73-6A07C0476812}.Release|Any CPU.Build.0 = Release|Any CPU
		{474C8C37-B2C3-4D33-9D73-6A07C0476812}.Release|x64.ActiveCfg = Release|Any CPU
		{474C8C37-B2C3-4D33-9D73-6A07C0476812}.Release|x64.Build.0 = Release|Any CPU
		{474C8C37-B2C3-4D33-9D73-6A07C0476812}.Release|x86.ActiveCfg = Release|Any CPU
		{474C8C37-B2C3-4D33-9D73-6A07C0476812}.Release|x86.Build.0 = Release|Any CPU
		{B4CFFFA7-A350-45DD-BFDF-9A2DFBE507F6}.Debug|Any CPU.ActiveCfg = Debug|Any CPU
		{B4CFFFA7-A350-45DD-BFDF-9A2DFBE507F6}.Debug|Any CPU.Build.0 = Debug|Any CPU
		{B4CFFFA7-A350-45DD-BFDF-9A2DFBE507F6}.Debug|x64.ActiveCfg = Debug|Any CPU
		{B4CFFFA7-A350-45DD-BFDF-9A2DFBE507F6}.Debug|x64.Build.0 = Debug|Any CPU
		{B4CFFFA7-A350-45DD-BFDF-9A2DFBE507F6}.Debug|x86.ActiveCfg = Debug|Any CPU
		{B4CFFFA7-A350-45DD-BFDF-9A2DFBE507F6}.Debug|x86.Build.0 = Debug|Any CPU
		{B4CFFFA7-A350-45DD-BFDF-9A2DFBE507F6}.Release|Any CPU.ActiveCfg = Release|Any CPU
		{B4CFFFA7-A350-45DD-BFDF-9A2DFBE507F6}.Release|Any CPU.Build.0 = Release|Any CPU
		{B4CFFFA7-A350-45DD-BFDF-9A2DFBE507F6}.Release|x64.ActiveCfg = Release|Any CPU
		{B4CFFFA7-A350-45DD-BFDF-9A2DFBE507F6}.Release|x64.Build.0 = Release|Any CPU
		{B4CFFFA7-A350-45DD-BFDF-9A2DFBE507F6}.Release|x86.ActiveCfg = Release|Any CPU
		{B4CFFFA7-A350-45DD-BFDF-9A2DFBE507F6}.Release|x86.Build.0 = Release|Any CPU
	EndGlobalSection
	GlobalSection(NestedProjects) = preSolution
		{810E386C-FBC1-430A-9D77-C8E5729A05D3} = {C2C9FE7E-2A8C-434C-B7FF-BFEA845D7D92}
		{474C8C37-B2C3-4D33-9D73-6A07C0476812} = {C2C9FE7E-2A8C-434C-B7FF-BFEA845D7D92}
		{B4CFFFA7-A350-45DD-BFDF-9A2DFBE507F6} = {C2C9FE7E-2A8C-434C-B7FF-BFEA845D7D92}
	EndGlobalSection
EndGlobal
